// !$*UTF8*$!
{
	archiveVersion = 1;
	classes = {
	};
	objectVersion = 77;
	objects = {

/* Begin PBXBuildFile section */
		073057B02D1DD21A003FA7D2 /* CodeScanner in Frameworks */ = {isa = PBXBuildFile; productRef = 073057AF2D1DD21A003FA7D2 /* CodeScanner */; };
/* End PBXBuildFile section */

/* Begin PBXContainerItemProxy section */
		077B47DD2D1D893E0009A25E /* PBXContainerItemProxy */ = {
			isa = PBXContainerItemProxy;
			containerPortal = 077B47C42D1D893C0009A25E /* Project object */;
			proxyType = 1;
			remoteGlobalIDString = 077B47CB2D1D893C0009A25E;
			remoteInfo = "Facial Recognition Test";
		};
		077B47E72D1D893E0009A25E /* PBXContainerItemProxy */ = {
			isa = PBXContainerItemProxy;
			containerPortal = 077B47C42D1D893C0009A25E /* Project object */;
			proxyType = 1;
			remoteGlobalIDString = 077B47CB2D1D893C0009A25E;
			remoteInfo = "Facial Recognition Test";
		};
/* End PBXContainerItemProxy section */

/* Begin PBXFileReference section */
		077B47CC2D1D893C0009A25E /* Facial Recognition Test.app */ = {isa = PBXFileReference; explicitFileType = wrapper.application; includeInIndex = 0; path = "Facial Recognition Test.app"; sourceTree = BUILT_PRODUCTS_DIR; };
		077B47DC2D1D893E0009A25E /* Facial Recognition TestTests.xctest */ = {isa = PBXFileReference; explicitFileType = wrapper.cfbundle; includeInIndex = 0; path = "Facial Recognition TestTests.xctest"; sourceTree = BUILT_PRODUCTS_DIR; };
		077B47E62D1D893E0009A25E /* Facial Recognition TestUITests.xctest */ = {isa = PBXFileReference; explicitFileType = wrapper.cfbundle; includeInIndex = 0; path = "Facial Recognition TestUITests.xctest"; sourceTree = BUILT_PRODUCTS_DIR; };
/* End PBXFileReference section */

/* Begin PBXFileSystemSynchronizedRootGroup section */
		077B47CE2D1D893C0009A25E /* Facial Recognition Test */ = {
			isa = PBXFileSystemSynchronizedRootGroup;
			path = "Facial Recognition Test";
			sourceTree = "<group>";
		};
/* End PBXFileSystemSynchronizedRootGroup section */

/* Begin PBXFrameworksBuildPhase section */
		077B47C92D1D893C0009A25E /* Frameworks */ = {
			isa = PBXFrameworksBuildPhase;
			buildActionMask = 2147483647;
			files = (
				073057B02D1DD21A003FA7D2 /* CodeScanner in Frameworks */,
			);
			runOnlyForDeploymentPostprocessing = 0;
		};
		077B47D92D1D893E0009A25E /* Frameworks */ = {
			isa = PBXFrameworksBuildPhase;
			buildActionMask = 2147483647;
			files = (
			);
			runOnlyForDeploymentPostprocessing = 0;
		};
		077B47E32D1D893E0009A25E /* Frameworks */ = {
			isa = PBXFrameworksBuildPhase;
			buildActionMask = 2147483647;
			files = (
			);
			runOnlyForDeploymentPostprocessing = 0;
		};
/* End PBXFrameworksBuildPhase section */

/* Begin PBXGroup section */
		077B47C32D1D893C0009A25E = {
			isa = PBXGroup;
			children = (
				077B47CE2D1D893C0009A25E /* Facial Recognition Test */,
				077B47CD2D1D893C0009A25E /* Products */,
			);
			sourceTree = "<group>";
		};
		077B47CD2D1D893C0009A25E /* Products */ = {
			isa = PBXGroup;
			children = (
				077B47CC2D1D893C0009A25E /* Facial Recognition Test.app */,
				077B47DC2D1D893E0009A25E /* Facial Recognition TestTests.xctest */,
				077B47E62D1D893E0009A25E /* Facial Recognition TestUITests.xctest */,
			);
			name = Products;
			sourceTree = "<group>";
		};
/* End PBXGroup section */

/* Begin PBXNativeTarget section */
		077B47CB2D1D893C0009A25E /* Facial Recognition Test */ = {
			isa = PBXNativeTarget;
			buildConfigurationList = 077B47F02D1D893E0009A25E /* Build configuration list for PBXNativeTarget "Facial Recognition Test" */;
			buildPhases = (
				077B47C82D1D893C0009A25E /* Sources */,
				077B47C92D1D893C0009A25E /* Frameworks */,
				077B47CA2D1D893C0009A25E /* Resources */,
			);
			buildRules = (
			);
			dependencies = (
			);
			fileSystemSynchronizedGroups = (
				077B47CE2D1D893C0009A25E /* Facial Recognition Test */,
			);
			name = "Facial Recognition Test";
			packageProductDependencies = (
				073057AF2D1DD21A003FA7D2 /* CodeScanner */,
			);
			productName = "Facial Recognition Test";
			productReference = 077B47CC2D1D893C0009A25E /* Facial Recognition Test.app */;
			productType = "com.apple.product-type.application";
		};
		077B47DB2D1D893E0009A25E /* Facial Recognition TestTests */ = {
			isa = PBXNativeTarget;
			buildConfigurationList = 077B47F32D1D893E0009A25E /* Build configuration list for PBXNativeTarget "Facial Recognition TestTests" */;
			buildPhases = (
				077B47D82D1D893E0009A25E /* Sources */,
				077B47D92D1D893E0009A25E /* Frameworks */,
				077B47DA2D1D893E0009A25E /* Resources */,
			);
			buildRules = (
			);
			dependencies = (
				077B47DE2D1D893E0009A25E /* PBXTargetDependency */,
			);
			name = "Facial Recognition TestTests";
			packageProductDependencies = (
			);
			productName = "Facial Recognition TestTests";
			productReference = 077B47DC2D1D893E0009A25E /* Facial Recognition TestTests.xctest */;
			productType = "com.apple.product-type.bundle.unit-test";
		};
		077B47E52D1D893E0009A25E /* Facial Recognition TestUITests */ = {
			isa = PBXNativeTarget;
			buildConfigurationList = 077B47F62D1D893E0009A25E /* Build configuration list for PBXNativeTarget "Facial Recognition TestUITests" */;
			buildPhases = (
				077B47E22D1D893E0009A25E /* Sources */,
				077B47E32D1D893E0009A25E /* Frameworks */,
				077B47E42D1D893E0009A25E /* Resources */,
			);
			buildRules = (
			);
			dependencies = (
				077B47E82D1D893E0009A25E /* PBXTargetDependency */,
			);
			name = "Facial Recognition TestUITests";
			packageProductDependencies = (
			);
			productName = "Facial Recognition TestUITests";
			productReference = 077B47E62D1D893E0009A25E /* Facial Recognition TestUITests.xctest */;
			productType = "com.apple.product-type.bundle.ui-testing";
		};
/* End PBXNativeTarget section */

/* Begin PBXProject section */
		077B47C42D1D893C0009A25E /* Project object */ = {
			isa = PBXProject;
			attributes = {
				BuildIndependentTargetsInParallel = 1;
				LastSwiftUpdateCheck = 1620;
				LastUpgradeCheck = 1620;
				TargetAttributes = {
					077B47CB2D1D893C0009A25E = {
						CreatedOnToolsVersion = 16.2;
					};
					077B47DB2D1D893E0009A25E = {
						CreatedOnToolsVersion = 16.2;
						TestTargetID = 077B47CB2D1D893C0009A25E;
					};
					077B47E52D1D893E0009A25E = {
						CreatedOnToolsVersion = 16.2;
						TestTargetID = 077B47CB2D1D893C0009A25E;
					};
				};
			};
			buildConfigurationList = 077B47C72D1D893C0009A25E /* Build configuration list for PBXProject "Facial Recognition Test" */;
			developmentRegion = en;
			hasScannedForEncodings = 0;
			knownRegions = (
				en,
				Base,
			);
			mainGroup = 077B47C32D1D893C0009A25E;
			minimizedProjectReferenceProxies = 1;
			packageReferences = (
				073057AE2D1DD21A003FA7D2 /* XCRemoteSwiftPackageReference "CodeScanner" */,
			);
			preferredProjectObjectVersion = 77;
			productRefGroup = 077B47CD2D1D893C0009A25E /* Products */;
			projectDirPath = "";
			projectRoot = "";
			targets = (
				077B47CB2D1D893C0009A25E /* Facial Recognition Test */,
				077B47DB2D1D893E0009A25E /* Facial Recognition TestTests */,
				077B47E52D1D893E0009A25E /* Facial Recognition TestUITests */,
			);
		};
/* End PBXProject section */

/* Begin PBXResourcesBuildPhase section */
		077B47CA2D1D893C0009A25E /* Resources */ = {
			isa = PBXResourcesBuildPhase;
			buildActionMask = 2147483647;
			files = (
			);
			runOnlyForDeploymentPostprocessing = 0;
		};
		077B47DA2D1D893E0009A25E /* Resources */ = {
			isa = PBXResourcesBuildPhase;
			buildActionMask = 2147483647;
			files = (
			);
			runOnlyForDeploymentPostprocessing = 0;
		};
		077B47E42D1D893E0009A25E /* Resources */ = {
			isa = PBXResourcesBuildPhase;
			buildActionMask = 2147483647;
			files = (
			);
			runOnlyForDeploymentPostprocessing = 0;
		};
/* End PBXResourcesBuildPhase section */

/* Begin PBXSourcesBuildPhase section */
		077B47C82D1D893C0009A25E /* Sources */ = {
			isa = PBXSourcesBuildPhase;
			buildActionMask = 2147483647;
			files = (
			);
			runOnlyForDeploymentPostprocessing = 0;
		};
		077B47D82D1D893E0009A25E /* Sources */ = {
			isa = PBXSourcesBuildPhase;
			buildActionMask = 2147483647;
			files = (
			);
			runOnlyForDeploymentPostprocessing = 0;
		};
		077B47E22D1D893E0009A25E /* Sources */ = {
			isa = PBXSourcesBuildPhase;
			buildActionMask = 2147483647;
			files = (
			);
			runOnlyForDeploymentPostprocessing = 0;
		};
/* End PBXSourcesBuildPhase section */

/* Begin PBXTargetDependency section */
		077B47DE2D1D893E0009A25E /* PBXTargetDependency */ = {
			isa = PBXTargetDependency;
			target = 077B47CB2D1D893C0009A25E /* Facial Recognition Test */;
			targetProxy = 077B47DD2D1D893E0009A25E /* PBXContainerItemProxy */;
		};
		077B47E82D1D893E0009A25E /* PBXTargetDependency */ = {
			isa = PBXTargetDependency;
			target = 077B47CB2D1D893C0009A25E /* Facial Recognition Test */;
			targetProxy = 077B47E72D1D893E0009A25E /* PBXContainerItemProxy */;
		};
/* End PBXTargetDependency section */

/* Begin XCBuildConfiguration section */
		077B47EE2D1D893E0009A25E /* Debug */ = {
			isa = XCBuildConfiguration;
			buildSettings = {
				ALWAYS_SEARCH_USER_PATHS = NO;
				ASSETCATALOG_COMPILER_GENERATE_SWIFT_ASSET_SYMBOL_EXTENSIONS = YES;
				CLANG_ANALYZER_NONNULL = YES;
				CLANG_ANALYZER_NUMBER_OBJECT_CONVERSION = YES_AGGRESSIVE;
				CLANG_CXX_LANGUAGE_STANDARD = "gnu++20";
				CLANG_ENABLE_MODULES = YES;
				CLANG_ENABLE_OBJC_ARC = YES;
				CLANG_ENABLE_OBJC_WEAK = YES;
				CLANG_WARN_BLOCK_CAPTURE_AUTORELEASING = YES;
				CLANG_WARN_BOOL_CONVERSION = YES;
				CLANG_WARN_COMMA = YES;
				CLANG_WARN_CONSTANT_CONVERSION = YES;
				CLANG_WARN_DEPRECATED_OBJC_IMPLEMENTATIONS = YES;
				CLANG_WARN_DIRECT_OBJC_ISA_USAGE = YES_ERROR;
				CLANG_WARN_DOCUMENTATION_COMMENTS = YES;
				CLANG_WARN_EMPTY_BODY = YES;
				CLANG_WARN_ENUM_CONVERSION = YES;
				CLANG_WARN_INFINITE_RECURSION = YES;
				CLANG_WARN_INT_CONVERSION = YES;
				CLANG_WARN_NON_LITERAL_NULL_CONVERSION = YES;
				CLANG_WARN_OBJC_IMPLICIT_RETAIN_SELF = YES;
				CLANG_WARN_OBJC_LITERAL_CONVERSION = YES;
				CLANG_WARN_OBJC_ROOT_CLASS = YES_ERROR;
				CLANG_WARN_QUOTED_INCLUDE_IN_FRAMEWORK_HEADER = YES;
				CLANG_WARN_RANGE_LOOP_ANALYSIS = YES;
				CLANG_WARN_STRICT_PROTOTYPES = YES;
				CLANG_WARN_SUSPICIOUS_MOVE = YES;
				CLANG_WARN_UNGUARDED_AVAILABILITY = YES_AGGRESSIVE;
				CLANG_WARN_UNREACHABLE_CODE = YES;
				CLANG_WARN__DUPLICATE_METHOD_MATCH = YES;
				COPY_PHASE_STRIP = NO;
				DEBUG_INFORMATION_FORMAT = dwarf;
				ENABLE_STRICT_OBJC_MSGSEND = YES;
				ENABLE_TESTABILITY = YES;
				ENABLE_USER_SCRIPT_SANDBOXING = YES;
				GCC_C_LANGUAGE_STANDARD = gnu17;
				GCC_DYNAMIC_NO_PIC = NO;
				GCC_NO_COMMON_BLOCKS = YES;
				GCC_OPTIMIZATION_LEVEL = 0;
				GCC_PREPROCESSOR_DEFINITIONS = (
					"DEBUG=1",
					"$(inherited)",
				);
				GCC_WARN_64_TO_32_BIT_CONVERSION = YES;
				GCC_WARN_ABOUT_RETURN_TYPE = YES_ERROR;
				GCC_WARN_UNDECLARED_SELECTOR = YES;
				GCC_WARN_UNINITIALIZED_AUTOS = YES_AGGRESSIVE;
				GCC_WARN_UNUSED_FUNCTION = YES;
				GCC_WARN_UNUSED_VARIABLE = YES;
				IPHONEOS_DEPLOYMENT_TARGET = 18.2;
				LOCALIZATION_PREFERS_STRING_CATALOGS = YES;
				MTL_ENABLE_DEBUG_INFO = INCLUDE_SOURCE;
				MTL_FAST_MATH = YES;
				ONLY_ACTIVE_ARCH = YES;
				SDKROOT = iphoneos;
				SWIFT_ACTIVE_COMPILATION_CONDITIONS = "DEBUG $(inherited)";
				SWIFT_OPTIMIZATION_LEVEL = "-Onone";
			};
			name = Debug;
		};
		077B47EF2D1D893E0009A25E /* Release */ = {
			isa = XCBuildConfiguration;
			buildSettings = {
				ALWAYS_SEARCH_USER_PATHS = NO;
				ASSETCATALOG_COMPILER_GENERATE_SWIFT_ASSET_SYMBOL_EXTENSIONS = YES;
				CLANG_ANALYZER_NONNULL = YES;
				CLANG_ANALYZER_NUMBER_OBJECT_CONVERSION = YES_AGGRESSIVE;
				CLANG_CXX_LANGUAGE_STANDARD = "gnu++20";
				CLANG_ENABLE_MODULES = YES;
				CLANG_ENABLE_OBJC_ARC = YES;
				CLANG_ENABLE_OBJC_WEAK = YES;
				CLANG_WARN_BLOCK_CAPTURE_AUTORELEASING = YES;
				CLANG_WARN_BOOL_CONVERSION = YES;
				CLANG_WARN_COMMA = YES;
				CLANG_WARN_CONSTANT_CONVERSION = YES;
				CLANG_WARN_DEPRECATED_OBJC_IMPLEMENTATIONS = YES;
				CLANG_WARN_DIRECT_OBJC_ISA_USAGE = YES_ERROR;
				CLANG_WARN_DOCUMENTATION_COMMENTS = YES;
				CLANG_WARN_EMPTY_BODY = YES;
				CLANG_WARN_ENUM_CONVERSION = YES;
				CLANG_WARN_INFINITE_RECURSION = YES;
				CLANG_WARN_INT_CONVERSION = YES;
				CLANG_WARN_NON_LITERAL_NULL_CONVERSION = YES;
				CLANG_WARN_OBJC_IMPLICIT_RETAIN_SELF = YES;
				CLANG_WARN_OBJC_LITERAL_CONVERSION = YES;
				CLANG_WARN_OBJC_ROOT_CLASS = YES_ERROR;
				CLANG_WARN_QUOTED_INCLUDE_IN_FRAMEWORK_HEADER = YES;
				CLANG_WARN_RANGE_LOOP_ANALYSIS = YES;
				CLANG_WARN_STRICT_PROTOTYPES = YES;
				CLANG_WARN_SUSPICIOUS_MOVE = YES;
				CLANG_WARN_UNGUARDED_AVAILABILITY = YES_AGGRESSIVE;
				CLANG_WARN_UNREACHABLE_CODE = YES;
				CLANG_WARN__DUPLICATE_METHOD_MATCH = YES;
				COPY_PHASE_STRIP = NO;
				DEBUG_INFORMATION_FORMAT = "dwarf-with-dsym";
				ENABLE_NS_ASSERTIONS = NO;
				ENABLE_STRICT_OBJC_MSGSEND = YES;
				ENABLE_USER_SCRIPT_SANDBOXING = YES;
				GCC_C_LANGUAGE_STANDARD = gnu17;
				GCC_NO_COMMON_BLOCKS = YES;
				GCC_WARN_64_TO_32_BIT_CONVERSION = YES;
				GCC_WARN_ABOUT_RETURN_TYPE = YES_ERROR;
				GCC_WARN_UNDECLARED_SELECTOR = YES;
				GCC_WARN_UNINITIALIZED_AUTOS = YES_AGGRESSIVE;
				GCC_WARN_UNUSED_FUNCTION = YES;
				GCC_WARN_UNUSED_VARIABLE = YES;
				IPHONEOS_DEPLOYMENT_TARGET = 18.2;
				LOCALIZATION_PREFERS_STRING_CATALOGS = YES;
				MTL_ENABLE_DEBUG_INFO = NO;
				MTL_FAST_MATH = YES;
				SDKROOT = iphoneos;
				SWIFT_COMPILATION_MODE = wholemodule;
				VALIDATE_PRODUCT = YES;
			};
			name = Release;
		};
		077B47F12D1D893E0009A25E /* Debug */ = {
			isa = XCBuildConfiguration;
			buildSettings = {
				ASSETCATALOG_COMPILER_APPICON_NAME = AppIcon;
				ASSETCATALOG_COMPILER_GLOBAL_ACCENT_COLOR_NAME = AccentColor;
				CODE_SIGN_STYLE = Automatic;
				CURRENT_PROJECT_VERSION = 1;
				DEVELOPMENT_ASSET_PATHS = "\"Facial Recognition Test/Preview Content\"";
				DEVELOPMENT_TEAM = UJBD3AUBQV;
				ENABLE_PREVIEWS = YES;
				GENERATE_INFOPLIST_FILE = YES;
				INFOPLIST_FILE = "Facial-Recognition-Test-Info.plist";
				INFOPLIST_KEY_NSCameraUsageDescription = "Necesitamos acceso a la cámara para la autenticación facial segura";
				INFOPLIST_KEY_NSFaceIDUsageDescription = "Utilizaremos Face ID para verificar tu identidad";
				INFOPLIST_KEY_UIApplicationSceneManifest_Generation = YES;
				INFOPLIST_KEY_UIApplicationSupportsIndirectInputEvents = YES;
				INFOPLIST_KEY_UILaunchScreen_Generation = YES;
				INFOPLIST_KEY_UISupportedInterfaceOrientations_iPad = "UIInterfaceOrientationPortrait UIInterfaceOrientationPortraitUpsideDown UIInterfaceOrientationLandscapeLeft UIInterfaceOrientationLandscapeRight";
				INFOPLIST_KEY_UISupportedInterfaceOrientations_iPhone = "UIInterfaceOrientationPortrait UIInterfaceOrientationLandscapeLeft UIInterfaceOrientationLandscapeRight";
				IPHONEOS_DEPLOYMENT_TARGET = 17.1;
				LD_RUNPATH_SEARCH_PATHS = (
					"$(inherited)",
					"@executable_path/Frameworks",
				);
				MARKETING_VERSION = 1.0;
				PRODUCT_BUNDLE_IDENTIFIER = "com.RookieSolutions.Facial-Recognition-Test";
				PRODUCT_NAME = "$(TARGET_NAME)";
				SWIFT_EMIT_LOC_STRINGS = YES;
				SWIFT_VERSION = 5.0;
				TARGETED_DEVICE_FAMILY = "1,2";
			};
			name = Debug;
		};
		077B47F22D1D893E0009A25E /* Release */ = {
			isa = XCBuildConfiguration;
			buildSettings = {
				ASSETCATALOG_COMPILER_APPICON_NAME = AppIcon;
				ASSETCATALOG_COMPILER_GLOBAL_ACCENT_COLOR_NAME = AccentColor;
				CODE_SIGN_STYLE = Automatic;
				CURRENT_PROJECT_VERSION = 1;
				DEVELOPMENT_ASSET_PATHS = "\"Facial Recognition Test/Preview Content\"";
				DEVELOPMENT_TEAM = UJBD3AUBQV;
				ENABLE_PREVIEWS = YES;
				GENERATE_INFOPLIST_FILE = YES;
				INFOPLIST_FILE = "Facial-Recognition-Test-Info.plist";
				INFOPLIST_KEY_NSCameraUsageDescription = "Necesitamos acceso a la cámara para la autenticación facial segura";
				INFOPLIST_KEY_NSFaceIDUsageDescription = "Utilizaremos Face ID para verificar tu identidad";
				INFOPLIST_KEY_UIApplicationSceneManifest_Generation = YES;
				INFOPLIST_KEY_UIApplicationSupportsIndirectInputEvents = YES;
				INFOPLIST_KEY_UILaunchScreen_Generation = YES;
				INFOPLIST_KEY_UISupportedInterfaceOrientations_iPad = "UIInterfaceOrientationPortrait UIInterfaceOrientationPortraitUpsideDown UIInterfaceOrientationLandscapeLeft UIInterfaceOrientationLandscapeRight";
				INFOPLIST_KEY_UISupportedInterfaceOrientations_iPhone = "UIInterfaceOrientationPortrait UIInterfaceOrientationLandscapeLeft UIInterfaceOrientationLandscapeRight";
				IPHONEOS_DEPLOYMENT_TARGET = 17.1;
				LD_RUNPATH_SEARCH_PATHS = (
					"$(inherited)",
					"@executable_path/Frameworks",
				);
				MARKETING_VERSION = 1.0;
				PRODUCT_BUNDLE_IDENTIFIER = "com.RookieSolutions.Facial-Recognition-Test";
				PRODUCT_NAME = "$(TARGET_NAME)";
				SWIFT_EMIT_LOC_STRINGS = YES;
				SWIFT_VERSION = 5.0;
				TARGETED_DEVICE_FAMILY = "1,2";
			};
			name = Release;
		};
		077B47F42D1D893E0009A25E /* Debug */ = {
			isa = XCBuildConfiguration;
			buildSettings = {
				BUNDLE_LOADER = "$(TEST_HOST)";
				CODE_SIGN_STYLE = Automatic;
				CURRENT_PROJECT_VERSION = 1;
				DEVELOPMENT_TEAM = UJBD3AUBQV;
				GENERATE_INFOPLIST_FILE = YES;
				IPHONEOS_DEPLOYMENT_TARGET = 18.2;
				MARKETING_VERSION = 1.0;
				PRODUCT_BUNDLE_IDENTIFIER = "com.RookieSolutions.Facial-Recognition-TestTests";
				PRODUCT_NAME = "$(TARGET_NAME)";
				SWIFT_EMIT_LOC_STRINGS = NO;
				SWIFT_VERSION = 5.0;
				TARGETED_DEVICE_FAMILY = "1,2";
				TEST_HOST = "$(BUILT_PRODUCTS_DIR)/Facial Recognition Test.app/$(BUNDLE_EXECUTABLE_FOLDER_PATH)/Facial Recognition Test";
			};
			name = Debug;
		};
		077B47F52D1D893E0009A25E /* Release */ = {
			isa = XCBuildConfiguration;
			buildSettings = {
				BUNDLE_LOADER = "$(TEST_HOST)";
				CODE_SIGN_STYLE = Automatic;
				CURRENT_PROJECT_VERSION = 1;
				DEVELOPMENT_TEAM = UJBD3AUBQV;
				GENERATE_INFOPLIST_FILE = YES;
				IPHONEOS_DEPLOYMENT_TARGET = 18.2;
				MARKETING_VERSION = 1.0;
				PRODUCT_BUNDLE_IDENTIFIER = "com.RookieSolutions.Facial-Recognition-TestTests";
				PRODUCT_NAME = "$(TARGET_NAME)";
				SWIFT_EMIT_LOC_STRINGS = NO;
				SWIFT_VERSION = 5.0;
				TARGETED_DEVICE_FAMILY = "1,2";
				TEST_HOST = "$(BUILT_PRODUCTS_DIR)/Facial Recognition Test.app/$(BUNDLE_EXECUTABLE_FOLDER_PATH)/Facial Recognition Test";
			};
			name = Release;
		};
		077B47F72D1D893E0009A25E /* Debug */ = {
			isa = XCBuildConfiguration;
			buildSettings = {
				"CODE_SIGN_IDENTITY[sdk=macosx*]" = "Apple Development";
				CODE_SIGN_STYLE = Automatic;
				CURRENT_PROJECT_VERSION = 1;
				DEVELOPMENT_TEAM = UJBD3AUBQV;
				GENERATE_INFOPLIST_FILE = YES;
				MARKETING_VERSION = 1.0;
				PRODUCT_BUNDLE_IDENTIFIER = "com.RookieSolutions.Facial-Recognition-TestUITests";
				PRODUCT_NAME = "$(TARGET_NAME)";
				SWIFT_EMIT_LOC_STRINGS = NO;
				SWIFT_VERSION = 5.0;
				TARGETED_DEVICE_FAMILY = "1,2";
				TEST_TARGET_NAME = "Facial Recognition Test";
			};
			name = Debug;
		};
		077B47F82D1D893E0009A25E /* Release */ = {
			isa = XCBuildConfiguration;
			buildSettings = {
				"CODE_SIGN_IDENTITY[sdk=macosx*]" = "Apple Development";
				CODE_SIGN_STYLE = Automatic;
				CURRENT_PROJECT_VERSION = 1;
				DEVELOPMENT_TEAM = UJBD3AUBQV;
				GENERATE_INFOPLIST_FILE = YES;
				MARKETING_VERSION = 1.0;
				PRODUCT_BUNDLE_IDENTIFIER = "com.RookieSolutions.Facial-Recognition-TestUITests";
				PRODUCT_NAME = "$(TARGET_NAME)";
				SWIFT_EMIT_LOC_STRINGS = NO;
				SWIFT_VERSION = 5.0;
				TARGETED_DEVICE_FAMILY = "1,2";
				TEST_TARGET_NAME = "Facial Recognition Test";
			};
			name = Release;
		};
/* End XCBuildConfiguration section */

/* Begin XCConfigurationList section */
		077B47C72D1D893C0009A25E /* Build configuration list for PBXProject "Facial Recognition Test" */ = {
			isa = XCConfigurationList;
			buildConfigurations = (
				077B47EE2D1D893E0009A25E /* Debug */,
				077B47EF2D1D893E0009A25E /* Release */,
			);
			defaultConfigurationIsVisible = 0;
			defaultConfigurationName = Release;
		};
		077B47F02D1D893E0009A25E /* Build configuration list for PBXNativeTarget "Facial Recognition Test" */ = {
			isa = XCConfigurationList;
			buildConfigurations = (
				077B47F12D1D893E0009A25E /* Debug */,
				077B47F22D1D893E0009A25E /* Release */,
			);
			defaultConfigurationIsVisible = 0;
			defaultConfigurationName = Release;
		};
		077B47F32D1D893E0009A25E /* Build configuration list for PBXNativeTarget "Facial Recognition TestTests" */ = {
			isa = XCConfigurationList;
			buildConfigurations = (
				077B47F42D1D893E0009A25E /* Debug */,
				077B47F52D1D893E0009A25E /* Release */,
			);
			defaultConfigurationIsVisible = 0;
			defaultConfigurationName = Release;
		};
		077B47F62D1D893E0009A25E /* Build configuration list for PBXNativeTarget "Facial Recognition TestUITests" */ = {
			isa = XCConfigurationList;
			buildConfigurations = (
				077B47F72D1D893E0009A25E /* Debug */,
				077B47F82D1D893E0009A25E /* Release */,
			);
			defaultConfigurationIsVisible = 0;
			defaultConfigurationName = Release;
		};
/* End XCConfigurationList section */

/* Begin XCRemoteSwiftPackageReference section */
		073057AE2D1DD21A003FA7D2 /* XCRemoteSwiftPackageReference "CodeScanner" */ = {
			isa = XCRemoteSwiftPackageReference;
			repositoryURL = "https://github.com/twostraws/CodeScanner";
			requirement = {
				kind = upToNextMajorVersion;
				minimumVersion = 2.5.2;
			};
		};
/* End XCRemoteSwiftPackageReference section */

/* Begin XCSwiftPackageProductDependency section */
		073057AF2D1DD21A003FA7D2 /* CodeScanner */ = {
			isa = XCSwiftPackageProductDependency;
			package = 073057AE2D1DD21A003FA7D2 /* XCRemoteSwiftPackageReference "CodeScanner" */;
			productName = CodeScanner;
		};
/* End XCSwiftPackageProductDependency section */
	};
	rootObject = 077B47C42D1D893C0009A25E /* Project object */;
}
